lockfileVersion: '9.0'

settings:
  autoInstallPeers: true
  excludeLinksFromLockfile: false

importers:

  .:
    devDependencies:
      '@tauri-apps/cli':
        specifier: ^2.9.2
        version: 2.9.2

packages:

  '@tauri-apps/cli-darwin-arm64@2.9.2':
    resolution: {integrity: sha512-g1OtCXydOZFYRUEAyGYdJ2lLaE3l5jk8o+Bro8y2WOLwBLtbWjBoJIVobOKFanfjG/Xr8H/UA+umEVILPhMc2A==}
    engines: {node: '>= 10'}
    cpu: [arm64]
    os: [darwin]

  '@tauri-apps/cli-darwin-x64@2.9.2':
    resolution: {integrity: sha512-nHHIY33noUmMOyFwAJz0xQyrYIXU+bae8MNos4TGsTo491YWAF2uzr6iW+Bq0N530xDcbe7EyRvDHgK43RmmVw==}
    engines: {node: '>= 10'}
    cpu: [x64]
    os: [darwin]

  '@tauri-apps/cli-linux-arm-gnueabihf@2.9.2':
    resolution: {integrity: sha512-Dq17LBdSuzf+fWOKMIyiSao+Fcq4FiQwYYlx3Nk8oafDINc8sVBjC5gv2xp18KzYhk9teSWfmDpD1sj+D3t7uw==}
    engines: {node: '>= 10'}
    cpu: [arm]
    os: [linux]

  '@tauri-apps/cli-linux-arm64-gnu@2.9.2':
    resolution: {integrity: sha512-Pxj5k29Rxj9xEht4gdE744t5HLXTwBojkjYDXXyJ3mE+BEg9hFX5WkStg7OkyZwH60u8NSkDSMpo7MJTH9srmA==}
    engines: {node: '>= 10'}
    cpu: [arm64]
    os: [linux]

  '@tauri-apps/cli-linux-arm64-musl@2.9.2':
    resolution: {integrity: sha512-mx82BuD4q3Yj5Zw+LXveZgPaDCnmH2At2LosX1siK77kaD5Ap5FF+FN0V4y+3cwq+Hcrk9AhEUPbHqoNOx1R2g==}
    engines: {node: '>= 10'}
    cpu: [arm64]
    os: [linux]

  '@tauri-apps/cli-linux-riscv64-gnu@2.9.2':
    resolution: {integrity: sha512-Ypm1nnr7k+ECC1+JfDcnxROHt6BX8t/4GplxBvdY68BDXtIcBbdhPWDos7MK+3bDmoaA0WSJbW+DUjpfSkyKgw==}
    engines: {node: '>= 10'}
    cpu: [riscv64]
    os: [linux]

  '@tauri-apps/cli-linux-x64-gnu@2.9.2':
    resolution: {integrity: sha512-tg85cGIM9PWwsbQg8m3uah3SfoNapgUr4vhWtkqgeTDZOjQuQ2duTwCH4UiM7acBpbZHNzvRrxSFpv0U53TqQQ==}
    engines: {node: '>= 10'}
    cpu: [x64]
    os: [linux]

  '@tauri-apps/cli-linux-x64-musl@2.9.2':
    resolution: {integrity: sha512-xW8qaz9bcwR35W2gIg7fKG9e1Z34idOsGpD2zIPgxlJyF314B/1qie50hbOqt5AbbXHR4iRpxKE4kA2grqMmkg==}
    engines: {node: '>= 10'}
    cpu: [x64]
    os: [linux]

  '@tauri-apps/cli-win32-arm64-msvc@2.9.2':
    resolution: {integrity: sha512-A1PshB8oHdY7zYOPlLD7Om7/aD9sOUVREd765ElIzYDtptWcALwOP9jb22Wi01vDTqxf98E4ZGIcG2gxr4FhiA==}
    engines: {node: '>= 10'}
    cpu: [arm64]
    os: [win32]

  '@tauri-apps/cli-win32-ia32-msvc@2.9.2':
    resolution: {integrity: sha512-AuCi0Vnc4qkXRLCC58das0u45SmXAjqcOjqF324CBKa1Z7jjNJESm0Sc2oc2G2q6f2eAbAfi34s2iJNaJU1hlQ==}
    engines: {node: '>= 10'}
    cpu: [ia32]
    os: [win32]

  '@tauri-apps/cli-win32-x64-msvc@2.9.2':
    resolution: {integrity: sha512-kDoejyfvME/mLkR4VofQnmVPTt/smJvoXuE3xgTbUwcUQKqawM8EyQvxOHQosaJYfQphHi7G0ya8UZo3PlDZig==}
    engines: {node: '>= 10'}
    cpu: [x64]
    os: [win32]

  '@tauri-apps/cli@2.9.2':
    resolution: {integrity: sha512-aGzdVgxQW6WQ7e5nydPZ/30u8HvltHjO3Ytzf1wOxX1N5Yj2TsjKWRb/AWJlB95Huml3k3c/b6s0ijAvlSo9xw==}
    engines: {node: '>= 10'}
    hasBin: true

snapshots:

  '@tauri-apps/cli-darwin-arm64@2.9.2':
    optional: true

  '@tauri-apps/cli-darwin-x64@2.9.2':
    optional: true

  '@tauri-apps/cli-linux-arm-gnueabihf@2.9.2':
    optional: true

  '@tauri-apps/cli-linux-arm64-gnu@2.9.2':
    optional: true

  '@tauri-apps/cli-linux-arm64-musl@2.9.2':
    optional: true

  '@tauri-apps/cli-linux-riscv64-gnu@2.9.2':
    optional: true

  '@tauri-apps/cli-linux-x64-gnu@2.9.2':
    optional: true

  '@tauri-apps/cli-linux-x64-musl@2.9.2':
    optional: true

  '@tauri-apps/cli-win32-arm64-msvc@2.9.2':
    optional: true

  '@tauri-apps/cli-win32-ia32-msvc@2.9.2':
    optional: true

  '@tauri-apps/cli-win32-x64-msvc@2.9.2':
    optional: true

  '@tauri-apps/cli@2.9.2':
    optionalDependencies:
      '@tauri-apps/cli-darwin-arm64': 2.9.2
      '@tauri-apps/cli-darwin-x64': 2.9.2
      '@tauri-apps/cli-linux-arm-gnueabihf': 2.9.2
      '@tauri-apps/cli-linux-arm64-gnu': 2.9.2
      '@tauri-apps/cli-linux-arm64-musl': 2.9.2
      '@tauri-apps/cli-linux-riscv64-gnu': 2.9.2
      '@tauri-apps/cli-linux-x64-gnu': 2.9.2
      '@tauri-apps/cli-linux-x64-musl': 2.9.2
      '@tauri-apps/cli-win32-arm64-msvc': 2.9.2
      '@tauri-apps/cli-win32-ia32-msvc': 2.9.2
      '@tauri-apps/cli-win32-x64-msvc': 2.9.2
