lockfileVersion: '9.0'

settings:
  autoInstallPeers: true
  excludeLinksFromLockfile: false

importers:

  .:
    devDependencies:
      '@tauri-apps/cli':
        specifier: '>=2.0.0-beta.0'
        version: 2.0.0-beta.21

packages:

  '@tauri-apps/cli-darwin-arm64@2.0.0-beta.21':
    resolution: {integrity: sha512-okI7PRSC6RO4JfrOTqu4oWf0IfBPbkGHisyDOTay6K5uhz4zzry5fFJVa8S/DTrKtdjau4vcik/EDCxiGRun9Q==}
    engines: {node: '>= 10'}
    cpu: [arm64]
    os: [darwin]

  '@tauri-apps/cli-darwin-x64@2.0.0-beta.21':
    resolution: {integrity: sha512-mXoJDXB6CBoqUnFb4TCsSVC6FJRZsN1DHRZAyn6iNLIhOrObcM4L2xz8rzt3WirANwJ/ayrNv95fEt8Fq1jmgA==}
    engines: {node: '>= 10'}
    cpu: [x64]
    os: [darwin]

  '@tauri-apps/cli-linux-arm-gnueabihf@2.0.0-beta.21':
    resolution: {integrity: sha512-LYPOx3LE2eZ0g8Zh/HYaNg6B1pZzH4BPMcma7wGZ0XPu+4fKLLGgav13xP2lknLnxiRP9jJCaTIBKXgcQEtLyg==}
    engines: {node: '>= 10'}
    cpu: [arm]
    os: [linux]

  '@tauri-apps/cli-linux-arm64-gnu@2.0.0-beta.21':
    resolution: {integrity: sha512-VP2L729tgY889OZj5U436EntjwkI8MyVB+GrvBv8k2mj1nWB651KiVIpcUmsUgjXZ2r01bifN9J0l+3EFEXUAQ==}
    engines: {node: '>= 10'}
    cpu: [arm64]
    os: [linux]

  '@tauri-apps/cli-linux-arm64-musl@2.0.0-beta.21':
    resolution: {integrity: sha512-s1rV01RIdowlPHfw7hTBnCEm2C3mZbynF+xpyRSv9vSczu4dpfwILMRwxB4nzMzdJ7RPHsf/R+5Ww86e8QM4Gw==}
    engines: {node: '>= 10'}
    cpu: [arm64]
    os: [linux]

  '@tauri-apps/cli-linux-x64-gnu@2.0.0-beta.21':
    resolution: {integrity: sha512-yGh7ktUycHT3mAnKxC7cx/vjcbjJzoxQCxnjWpmIayVwq+iXLD1mK7nRXRdJpL/rnBFTqqD29CKuypCEFiq3/A==}
    engines: {node: '>= 10'}
    cpu: [x64]
    os: [linux]

  '@tauri-apps/cli-linux-x64-musl@2.0.0-beta.21':
    resolution: {integrity: sha512-+79b8O3tsjbGR47pJtcSKGmtqj4rsSxB5AfMb4UCkmoNkbaOzB0YS/ZieUGAb+SHXZ/MMs7mcl96N9SqYOL7hw==}
    engines: {node: '>= 10'}
    cpu: [x64]
    os: [linux]

  '@tauri-apps/cli-win32-arm64-msvc@2.0.0-beta.21':
    resolution: {integrity: sha512-rKlpcjx6t1ECZciMmHT5xkXKjC+O+TVxRKmA21tEq/Ezt7XdnufGko1hduwQmVJWkHxKg6ab7uf98ImMpDC5UA==}
    engines: {node: '>= 10'}
    cpu: [arm64]
    os: [win32]

  '@tauri-apps/cli-win32-ia32-msvc@2.0.0-beta.21':
    resolution: {integrity: sha512-ExdhvRfgAoZi4/7re6OkmfqsHvTJQgWouTNphHWRilUEqBM7TEQV1UxYtwWfgyOKelyx4cxUYDFAJxootTb2Nw==}
    engines: {node: '>= 10'}
    cpu: [ia32]
    os: [win32]

  '@tauri-apps/cli-win32-x64-msvc@2.0.0-beta.21':
    resolution: {integrity: sha512-JtNTwNXIOfE04Cs3ieTvkdcMyJM9Sujw5MM9zNmusJKE03s/OLqbNK/2ISlcb/puwYGGPhhyYtL5hCmYXIrHHQ==}
    engines: {node: '>= 10'}
    cpu: [x64]
    os: [win32]

  '@tauri-apps/cli@2.0.0-beta.21':
    resolution: {integrity: sha512-lqV4pD0iTs8ASd19slH0eRoVAjbxtD0cCsZFVD7kG4sYkeZ0IkvtxbvnHAOUbALfvnHZr1dVXFDVxQUqJK2OXw==}
    engines: {node: '>= 10'}
    hasBin: true

snapshots:

  '@tauri-apps/cli-darwin-arm64@2.0.0-beta.21':
    optional: true

  '@tauri-apps/cli-darwin-x64@2.0.0-beta.21':
    optional: true

  '@tauri-apps/cli-linux-arm-gnueabihf@2.0.0-beta.21':
    optional: true

  '@tauri-apps/cli-linux-arm64-gnu@2.0.0-beta.21':
    optional: true

  '@tauri-apps/cli-linux-arm64-musl@2.0.0-beta.21':
    optional: true

  '@tauri-apps/cli-linux-x64-gnu@2.0.0-beta.21':
    optional: true

  '@tauri-apps/cli-linux-x64-musl@2.0.0-beta.21':
    optional: true

  '@tauri-apps/cli-win32-arm64-msvc@2.0.0-beta.21':
    optional: true

  '@tauri-apps/cli-win32-ia32-msvc@2.0.0-beta.21':
    optional: true

  '@tauri-apps/cli-win32-x64-msvc@2.0.0-beta.21':
    optional: true

  '@tauri-apps/cli@2.0.0-beta.21':
    optionalDependencies:
      '@tauri-apps/cli-darwin-arm64': 2.0.0-beta.21
      '@tauri-apps/cli-darwin-x64': 2.0.0-beta.21
      '@tauri-apps/cli-linux-arm-gnueabihf': 2.0.0-beta.21
      '@tauri-apps/cli-linux-arm64-gnu': 2.0.0-beta.21
      '@tauri-apps/cli-linux-arm64-musl': 2.0.0-beta.21
      '@tauri-apps/cli-linux-x64-gnu': 2.0.0-beta.21
      '@tauri-apps/cli-linux-x64-musl': 2.0.0-beta.21
      '@tauri-apps/cli-win32-arm64-msvc': 2.0.0-beta.21
      '@tauri-apps/cli-win32-ia32-msvc': 2.0.0-beta.21
      '@tauri-apps/cli-win32-x64-msvc': 2.0.0-beta.21
